
Microsoft Visual Studio Solution File, Format Version 12.00
Project("{FAE04EC0-301F-11D3-BF4B-00C04F79EFBC}") = "Valjoux.Strategies", "Valjoux.Strategies\Valjoux.Strategies.csproj", "{16C574CC-56DB-49CD-B155-908C31625483}"
EndProject
Project("{FAE04EC0-301F-11D3-BF4B-00C04F79EFBC}") = "Valjoux.Test", "Valjoux.Test\Valjoux.Test.csproj", "{6EA8AB5D-3A0A-40A3-8AFB-B523B118568A}"
EndProject
Global
	GlobalSection(SolutionConfigurationPlatforms) = preSolution
		Debug|Any CPU = Debug|Any CPU
		Release|Any CPU = Release|Any CPU
	EndGlobalSection
	GlobalSection(ProjectConfigurationPlatforms) = postSolution
		{16C574CC-56DB-49CD-B155-908C31625483}.Debug|Any CPU.ActiveCfg = Debug|Any CPU
		{16C574CC-56DB-49CD-B155-908C31625483}.Debug|Any CPU.Build.0 = Debug|Any CPU
		{16C574CC-56DB-49CD-B155-908C31625483}.Release|Any CPU.ActiveCfg = Release|Any CPU
		{16C574CC-56DB-49CD-B155-908C31625483}.Release|Any CPU.Build.0 = Release|Any CPU
		{6EA8AB5D-3A0A-40A3-8AFB-B523B118568A}.Debug|Any CPU.ActiveCfg = Debug|Any CPU
		{6EA8AB5D-3A0A-40A3-8AFB-B523B118568A}.Debug|Any CPU.Build.0 = Debug|Any CPU
		{6EA8AB5D-3A0A-40A3-8AFB-B523B118568A}.Release|Any CPU.ActiveCfg = Release|Any CPU
		{6EA8AB5D-3A0A-40A3-8AFB-B523B118568A}.Release|Any CPU.Build.0 = Release|Any CPU
	EndGlobalSection
EndGlobal
